// !$*UTF8*$!
{
	archiveVersion = 1;
	classes = {
	};
	objectVersion = 46;
	objects = {

/* Begin PBXBuildFile section */
		1C07DCC41F07344800E2EBA2 /* BallFlower.png in Resources */ = {isa = PBXBuildFile; fileRef = 1C07DCC31F07344800E2EBA2 /* BallFlower.png */; };
		1C07DCC61F07346100E2EBA2 /* ColorBeadIcon.png in Resources */ = {isa = PBXBuildFile; fileRef = 1C07DCC51F07346100E2EBA2 /* ColorBeadIcon.png */; };
		1C07DCC81F07EF1000E2EBA2 /* HelpView.swift in Sources */ = {isa = PBXBuildFile; fileRef = 1C07DCC71F07EF1000E2EBA2 /* HelpView.swift */; };
		1C07DCCA1F07F67C00E2EBA2 /* Convenience.swift in Sources */ = {isa = PBXBuildFile; fileRef = 1C07DCC91F07F67C00E2EBA2 /* Convenience.swift */; };
		1C07DCCC1F07F7E400E2EBA2 /* HelpButton.png in Resources */ = {isa = PBXBuildFile; fileRef = 1C07DCCB1F07F7E400E2EBA2 /* HelpButton.png */; };
		1C07DCCE1F07F9AD00E2EBA2 /* HelpScene.png in Resources */ = {isa = PBXBuildFile; fileRef = 1C07DCCD1F07F9AD00E2EBA2 /* HelpScene.png */; };
		1C71B9FD1F00976900577C9F /* PinkThumbPrint.png in Resources */ = {isa = PBXBuildFile; fileRef = 1C71B9F71F00976900577C9F /* PinkThumbPrint.png */; };
		1C71B9FE1F00976900577C9F /* OrangeThumbPrint.png in Resources */ = {isa = PBXBuildFile; fileRef = 1C71B9F81F00976900577C9F /* OrangeThumbPrint.png */; };
		1C71B9FF1F00976900577C9F /* PurpleThumbPrint.png in Resources */ = {isa = PBXBuildFile; fileRef = 1C71B9F91F00976900577C9F /* PurpleThumbPrint.png */; };
		1C71BA001F00976900577C9F /* BlueThumbPrint.png in Resources */ = {isa = PBXBuildFile; fileRef = 1C71B9FA1F00976900577C9F /* BlueThumbPrint.png */; };
		1C71BA011F00976900577C9F /* GreenThumbPrint.png in Resources */ = {isa = PBXBuildFile; fileRef = 1C71B9FB1F00976900577C9F /* GreenThumbPrint.png */; };
		1C71BA021F00976900577C9F /* RedThumbPrint.png in Resources */ = {isa = PBXBuildFile; fileRef = 1C71B9FC1F00976900577C9F /* RedThumbPrint.png */; };
		1C71BA041F00980700577C9F /* ColorPicker.swift in Sources */ = {isa = PBXBuildFile; fileRef = 1C71BA031F00980700577C9F /* ColorPicker.swift */; };
		1C8771451EFE833800DE0F89 /* GreenBall.png in Resources */ = {isa = PBXBuildFile; fileRef = 1C8771441EFE833800DE0F89 /* GreenBall.png */; };
		1C8771471EFE834000DE0F89 /* PinkBall.png in Resources */ = {isa = PBXBuildFile; fileRef = 1C8771461EFE834000DE0F89 /* PinkBall.png */; };
		1C8771491EFE834700DE0F89 /* PurpleBall.png in Resources */ = {isa = PBXBuildFile; fileRef = 1C8771481EFE834700DE0F89 /* PurpleBall.png */; };
		1C87714B1EFE834F00DE0F89 /* RedBall.png in Resources */ = {isa = PBXBuildFile; fileRef = 1C87714A1EFE834F00DE0F89 /* RedBall.png */; };
		1CACE2E71EA6E76E00CD7F23 /* NumberShape.swift in Sources */ = {isa = PBXBuildFile; fileRef = 1CACE2E61EA6E76E00CD7F23 /* NumberShape.swift */; };
		1CACE2E91EA6E86600CD7F23 /* Model.swift in Sources */ = {isa = PBXBuildFile; fileRef = 1CACE2E81EA6E86600CD7F23 /* Model.swift */; };
		1CACE2ED1EA6E9F600CD7F23 /* BlueBall.png in Resources */ = {isa = PBXBuildFile; fileRef = 1CACE2EA1EA6E9F600CD7F23 /* BlueBall.png */; };
		1CACE2EE1EA6E9F600CD7F23 /* BlueRing.png in Resources */ = {isa = PBXBuildFile; fileRef = 1CACE2EB1EA6E9F600CD7F23 /* BlueRing.png */; };
		1CACE2EF1EA6E9F600CD7F23 /* OrangeBall.png in Resources */ = {isa = PBXBuildFile; fileRef = 1CACE2EC1EA6E9F600CD7F23 /* OrangeBall.png */; };
		1CACE2F21EA7BE0F00CD7F23 /* Methods.swift in Sources */ = {isa = PBXBuildFile; fileRef = 1CACE2F11EA7BE0F00CD7F23 /* Methods.swift */; };
		1CE730B71EA51855008083B4 /* AppDelegate.swift in Sources */ = {isa = PBXBuildFile; fileRef = 1CE730B61EA51855008083B4 /* AppDelegate.swift */; };
		1CE730B91EA51855008083B4 /* ViewController.swift in Sources */ = {isa = PBXBuildFile; fileRef = 1CE730B81EA51855008083B4 /* ViewController.swift */; };
		1CE730BC1EA51855008083B4 /* Main.storyboard in Resources */ = {isa = PBXBuildFile; fileRef = 1CE730BA1EA51855008083B4 /* Main.storyboard */; };
		1CE730BF1EA51855008083B4 /* Obsolecense_Management_Plan.xcdatamodeld in Sources */ = {isa = PBXBuildFile; fileRef = 1CE730BD1EA51855008083B4 /* Obsolecense_Management_Plan.xcdatamodeld */; };
		1CE730C11EA51855008083B4 /* Assets.xcassets in Resources */ = {isa = PBXBuildFile; fileRef = 1CE730C01EA51855008083B4 /* Assets.xcassets */; };
		1CE730C41EA51855008083B4 /* LaunchScreen.storyboard in Resources */ = {isa = PBXBuildFile; fileRef = 1CE730C21EA51855008083B4 /* LaunchScreen.storyboard */; };
		1CE730CF1EA51855008083B4 /* Obsolecense_Management_PlanTests.swift in Sources */ = {isa = PBXBuildFile; fileRef = 1CE730CE1EA51855008083B4 /* Obsolecense_Management_PlanTests.swift */; };
		1CE730DA1EA51855008083B4 /* Obsolecense_Management_PlanUITests.swift in Sources */ = {isa = PBXBuildFile; fileRef = 1CE730D91EA51855008083B4 /* Obsolecense_Management_PlanUITests.swift */; };
		1CFC89291F03E9E90095BAEF /* Styles.swift in Sources */ = {isa = PBXBuildFile; fileRef = 1CFC89281F03E9E90095BAEF /* Styles.swift */; };
/* End PBXBuildFile section */

/* Begin PBXContainerItemProxy section */
		1CE730CB1EA51855008083B4 /* PBXContainerItemProxy */ = {
			isa = PBXContainerItemProxy;
			containerPortal = 1CE730AB1EA51855008083B4 /* Project object */;
			proxyType = 1;
			remoteGlobalIDString = 1CE730B21EA51855008083B4;
			remoteInfo = "Obsolecense Management Plan";
		};
		1CE730D61EA51855008083B4 /* PBXContainerItemProxy */ = {
			isa = PBXContainerItemProxy;
			containerPortal = 1CE730AB1EA51855008083B4 /* Project object */;
			proxyType = 1;
			remoteGlobalIDString = 1CE730B21EA51855008083B4;
			remoteInfo = "Obsolecense Management Plan";
		};
/* End PBXContainerItemProxy section */

/* Begin PBXFileReference section */
		1C07DCC31F07344800E2EBA2 /* BallFlower.png */ = {isa = PBXFileReference; lastKnownFileType = image.png; path = BallFlower.png; sourceTree = "<group>"; };
		1C07DCC51F07346100E2EBA2 /* ColorBeadIcon.png */ = {isa = PBXFileReference; lastKnownFileType = image.png; path = ColorBeadIcon.png; sourceTree = "<group>"; };
		1C07DCC71F07EF1000E2EBA2 /* HelpView.swift */ = {isa = PBXFileReference; fileEncoding = 4; lastKnownFileType = sourcecode.swift; path = HelpView.swift; sourceTree = "<group>"; };
		1C07DCC91F07F67C00E2EBA2 /* Convenience.swift */ = {isa = PBXFileReference; fileEncoding = 4; lastKnownFileType = sourcecode.swift; path = Convenience.swift; sourceTree = "<group>"; };
		1C07DCCB1F07F7E400E2EBA2 /* HelpButton.png */ = {isa = PBXFileReference; lastKnownFileType = image.png; path = HelpButton.png; sourceTree = "<group>"; };
		1C07DCCD1F07F9AD00E2EBA2 /* HelpScene.png */ = {isa = PBXFileReference; lastKnownFileType = image.png; path = HelpScene.png; sourceTree = "<group>"; };
		1C71B9F71F00976900577C9F /* PinkThumbPrint.png */ = {isa = PBXFileReference; lastKnownFileType = image.png; path = PinkThumbPrint.png; sourceTree = "<group>"; };
		1C71B9F81F00976900577C9F /* OrangeThumbPrint.png */ = {isa = PBXFileReference; lastKnownFileType = image.png; path = OrangeThumbPrint.png; sourceTree = "<group>"; };
		1C71B9F91F00976900577C9F /* PurpleThumbPrint.png */ = {isa = PBXFileReference; lastKnownFileType = image.png; path = PurpleThumbPrint.png; sourceTree = "<group>"; };
		1C71B9FA1F00976900577C9F /* BlueThumbPrint.png */ = {isa = PBXFileReference; lastKnownFileType = image.png; path = BlueThumbPrint.png; sourceTree = "<group>"; };
		1C71B9FB1F00976900577C9F /* GreenThumbPrint.png */ = {isa = PBXFileReference; lastKnownFileType = image.png; path = GreenThumbPrint.png; sourceTree = "<group>"; };
		1C71B9FC1F00976900577C9F /* RedThumbPrint.png */ = {isa = PBXFileReference; lastKnownFileType = image.png; path = RedThumbPrint.png; sourceTree = "<group>"; };
		1C71BA031F00980700577C9F /* ColorPicker.swift */ = {isa = PBXFileReference; fileEncoding = 4; lastKnownFileType = sourcecode.swift; path = ColorPicker.swift; sourceTree = "<group>"; };
		1C8771441EFE833800DE0F89 /* GreenBall.png */ = {isa = PBXFileReference; lastKnownFileType = image.png; path = GreenBall.png; sourceTree = "<group>"; };
		1C8771461EFE834000DE0F89 /* PinkBall.png */ = {isa = PBXFileReference; lastKnownFileType = image.png; path = PinkBall.png; sourceTree = "<group>"; };
		1C8771481EFE834700DE0F89 /* PurpleBall.png */ = {isa = PBXFileReference; lastKnownFileType = image.png; path = PurpleBall.png; sourceTree = "<group>"; };
		1C87714A1EFE834F00DE0F89 /* RedBall.png */ = {isa = PBXFileReference; lastKnownFileType = image.png; path = RedBall.png; sourceTree = "<group>"; };
		1CACE2E61EA6E76E00CD7F23 /* NumberShape.swift */ = {isa = PBXFileReference; fileEncoding = 4; lastKnownFileType = sourcecode.swift; path = NumberShape.swift; sourceTree = "<group>"; };
		1CACE2E81EA6E86600CD7F23 /* Model.swift */ = {isa = PBXFileReference; fileEncoding = 4; lastKnownFileType = sourcecode.swift; path = Model.swift; sourceTree = "<group>"; };
		1CACE2EA1EA6E9F600CD7F23 /* BlueBall.png */ = {isa = PBXFileReference; lastKnownFileType = image.png; path = BlueBall.png; sourceTree = "<group>"; };
		1CACE2EB1EA6E9F600CD7F23 /* BlueRing.png */ = {isa = PBXFileReference; lastKnownFileType = image.png; path = BlueRing.png; sourceTree = "<group>"; };
		1CACE2EC1EA6E9F600CD7F23 /* OrangeBall.png */ = {isa = PBXFileReference; lastKnownFileType = image.png; path = OrangeBall.png; sourceTree = "<group>"; };
		1CACE2F11EA7BE0F00CD7F23 /* Methods.swift */ = {isa = PBXFileReference; fileEncoding = 4; lastKnownFileType = sourcecode.swift; path = Methods.swift; sourceTree = "<group>"; };
		1CE730B31EA51855008083B4 /* Counting Marbles.app */ = {isa = PBXFileReference; explicitFileType = wrapper.application; includeInIndex = 0; path = "Counting Marbles.app"; sourceTree = BUILT_PRODUCTS_DIR; };
		1CE730B61EA51855008083B4 /* AppDelegate.swift */ = {isa = PBXFileReference; lastKnownFileType = sourcecode.swift; path = AppDelegate.swift; sourceTree = "<group>"; };
		1CE730B81EA51855008083B4 /* ViewController.swift */ = {isa = PBXFileReference; lastKnownFileType = sourcecode.swift; path = ViewController.swift; sourceTree = "<group>"; };
		1CE730BB1EA51855008083B4 /* Base */ = {isa = PBXFileReference; lastKnownFileType = file.storyboard; name = Base; path = Base.lproj/Main.storyboard; sourceTree = "<group>"; };
		1CE730BE1EA51855008083B4 /* Obsolecense_Management_Plan.xcdatamodel */ = {isa = PBXFileReference; lastKnownFileType = wrapper.xcdatamodel; path = Obsolecense_Management_Plan.xcdatamodel; sourceTree = "<group>"; };
		1CE730C01EA51855008083B4 /* Assets.xcassets */ = {isa = PBXFileReference; lastKnownFileType = folder.assetcatalog; path = Assets.xcassets; sourceTree = "<group>"; };
		1CE730C31EA51855008083B4 /* Base */ = {isa = PBXFileReference; lastKnownFileType = file.storyboard; name = Base; path = Base.lproj/LaunchScreen.storyboard; sourceTree = "<group>"; };
		1CE730C51EA51855008083B4 /* Info.plist */ = {isa = PBXFileReference; lastKnownFileType = text.plist.xml; path = Info.plist; sourceTree = "<group>"; };
		1CE730CA1EA51855008083B4 /* Counting MarblesTests.xctest */ = {isa = PBXFileReference; explicitFileType = wrapper.cfbundle; includeInIndex = 0; path = "Counting MarblesTests.xctest"; sourceTree = BUILT_PRODUCTS_DIR; };
		1CE730CE1EA51855008083B4 /* Obsolecense_Management_PlanTests.swift */ = {isa = PBXFileReference; lastKnownFileType = sourcecode.swift; path = Obsolecense_Management_PlanTests.swift; sourceTree = "<group>"; };
		1CE730D01EA51855008083B4 /* Info.plist */ = {isa = PBXFileReference; lastKnownFileType = text.plist.xml; path = Info.plist; sourceTree = "<group>"; };
		1CE730D51EA51855008083B4 /* Counting MarblesUITests.xctest */ = {isa = PBXFileReference; explicitFileType = wrapper.cfbundle; includeInIndex = 0; path = "Counting MarblesUITests.xctest"; sourceTree = BUILT_PRODUCTS_DIR; };
		1CE730D91EA51855008083B4 /* Obsolecense_Management_PlanUITests.swift */ = {isa = PBXFileReference; lastKnownFileType = sourcecode.swift; path = Obsolecense_Management_PlanUITests.swift; sourceTree = "<group>"; };
		1CE730DB1EA51855008083B4 /* Info.plist */ = {isa = PBXFileReference; lastKnownFileType = text.plist.xml; path = Info.plist; sourceTree = "<group>"; };
		1CFC89281F03E9E90095BAEF /* Styles.swift */ = {isa = PBXFileReference; fileEncoding = 4; lastKnownFileType = sourcecode.swift; path = Styles.swift; sourceTree = "<group>"; };
/* End PBXFileReference section */

/* Begin PBXFrameworksBuildPhase section */
		1CE730B01EA51855008083B4 /* Frameworks */ = {
			isa = PBXFrameworksBuildPhase;
			buildActionMask = 2147483647;
			files = (
			);
			runOnlyForDeploymentPostprocessing = 0;
		};
		1CE730C71EA51855008083B4 /* Frameworks */ = {
			isa = PBXFrameworksBuildPhase;
			buildActionMask = 2147483647;
			files = (
			);
			runOnlyForDeploymentPostprocessing = 0;
		};
		1CE730D21EA51855008083B4 /* Frameworks */ = {
			isa = PBXFrameworksBuildPhase;
			buildActionMask = 2147483647;
			files = (
			);
			runOnlyForDeploymentPostprocessing = 0;
		};
/* End PBXFrameworksBuildPhase section */

/* Begin PBXGroup section */
		1CACE2F01EA6E9FC00CD7F23 /* Assets */ = {
			isa = PBXGroup;
			children = (
				1C07DCC31F07344800E2EBA2 /* BallFlower.png */,
				1C71B9F71F00976900577C9F /* PinkThumbPrint.png */,
				1C71B9F81F00976900577C9F /* OrangeThumbPrint.png */,
				1C71B9F91F00976900577C9F /* PurpleThumbPrint.png */,
				1C07DCCB1F07F7E400E2EBA2 /* HelpButton.png */,
				1C07DCCD1F07F9AD00E2EBA2 /* HelpScene.png */,
				1C71B9FA1F00976900577C9F /* BlueThumbPrint.png */,
				1C71B9FB1F00976900577C9F /* GreenThumbPrint.png */,
				1C07DCC51F07346100E2EBA2 /* ColorBeadIcon.png */,
				1C71B9FC1F00976900577C9F /* RedThumbPrint.png */,
				1C8771441EFE833800DE0F89 /* GreenBall.png */,
				1CACE2EA1EA6E9F600CD7F23 /* BlueBall.png */,
				1C8771461EFE834000DE0F89 /* PinkBall.png */,
				1C87714A1EFE834F00DE0F89 /* RedBall.png */,
				1C8771481EFE834700DE0F89 /* PurpleBall.png */,
				1CACE2EB1EA6E9F600CD7F23 /* BlueRing.png */,
				1CACE2EC1EA6E9F600CD7F23 /* OrangeBall.png */,
			);
			name = Assets;
			sourceTree = "<group>";
		};
		1CE730AA1EA51855008083B4 = {
			isa = PBXGroup;
			children = (
				1CE730B51EA51855008083B4 /* Obsolecense Management Plan */,
				1CE730CD1EA51855008083B4 /* Obsolecense Management PlanTests */,
				1CE730D81EA51855008083B4 /* Obsolecense Management PlanUITests */,
				1CE730B41EA51855008083B4 /* Products */,
			);
			sourceTree = "<group>";
		};
		1CE730B41EA51855008083B4 /* Products */ = {
			isa = PBXGroup;
			children = (
				1CE730B31EA51855008083B4 /* Counting Marbles.app */,
				1CE730CA1EA51855008083B4 /* Counting MarblesTests.xctest */,
				1CE730D51EA51855008083B4 /* Counting MarblesUITests.xctest */,
			);
			name = Products;
			sourceTree = "<group>";
		};
		1CE730B51EA51855008083B4 /* Obsolecense Management Plan */ = {
			isa = PBXGroup;
			children = (
				1CE730B61EA51855008083B4 /* AppDelegate.swift */,
				1CE730B81EA51855008083B4 /* ViewController.swift */,
				1CFC89281F03E9E90095BAEF /* Styles.swift */,
				1CACE2F11EA7BE0F00CD7F23 /* Methods.swift */,
				1C07DCC91F07F67C00E2EBA2 /* Convenience.swift */,
				1CACE2E61EA6E76E00CD7F23 /* NumberShape.swift */,
				1C07DCC71F07EF1000E2EBA2 /* HelpView.swift */,
				1CACE2E81EA6E86600CD7F23 /* Model.swift */,
				1CE730BA1EA51855008083B4 /* Main.storyboard */,
				1C71BA031F00980700577C9F /* ColorPicker.swift */,
				1CE730C01EA51855008083B4 /* Assets.xcassets */,
				1CACE2F01EA6E9FC00CD7F23 /* Assets */,
				1CE730C21EA51855008083B4 /* LaunchScreen.storyboard */,
				1CE730C51EA51855008083B4 /* Info.plist */,
				1CE730BD1EA51855008083B4 /* Obsolecense_Management_Plan.xcdatamodeld */,
			);
			path = "Obsolecense Management Plan";
			sourceTree = "<group>";
		};
		1CE730CD1EA51855008083B4 /* Obsolecense Management PlanTests */ = {
			isa = PBXGroup;
			children = (
				1CE730CE1EA51855008083B4 /* Obsolecense_Management_PlanTests.swift */,
				1CE730D01EA51855008083B4 /* Info.plist */,
			);
			path = "Obsolecense Management PlanTests";
			sourceTree = "<group>";
		};
		1CE730D81EA51855008083B4 /* Obsolecense Management PlanUITests */ = {
			isa = PBXGroup;
			children = (
				1CE730D91EA51855008083B4 /* Obsolecense_Management_PlanUITests.swift */,
				1CE730DB1EA51855008083B4 /* Info.plist */,
			);
			path = "Obsolecense Management PlanUITests";
			sourceTree = "<group>";
		};
/* End PBXGroup section */

/* Begin PBXNativeTarget section */
		1CE730B21EA51855008083B4 /* Counting Marbles */ = {
			isa = PBXNativeTarget;
			buildConfigurationList = 1CE730DE1EA51855008083B4 /* Build configuration list for PBXNativeTarget "Counting Marbles" */;
			buildPhases = (
				1CE730AF1EA51855008083B4 /* Sources */,
				1CE730B01EA51855008083B4 /* Frameworks */,
				1CE730B11EA51855008083B4 /* Resources */,
			);
			buildRules = (
			);
			dependencies = (
			);
			name = "Counting Marbles";
			productName = "Obsolecense Management Plan";
			productReference = 1CE730B31EA51855008083B4 /* Counting Marbles.app */;
			productType = "com.apple.product-type.application";
		};
		1CE730C91EA51855008083B4 /* Counting MarblesTests */ = {
			isa = PBXNativeTarget;
			buildConfigurationList = 1CE730E11EA51855008083B4 /* Build configuration list for PBXNativeTarget "Counting MarblesTests" */;
			buildPhases = (
				1CE730C61EA51855008083B4 /* Sources */,
				1CE730C71EA51855008083B4 /* Frameworks */,
				1CE730C81EA51855008083B4 /* Resources */,
			);
			buildRules = (
			);
			dependencies = (
				1CE730CC1EA51855008083B4 /* PBXTargetDependency */,
			);
			name = "Counting MarblesTests";
			productName = "Obsolecense Management PlanTests";
			productReference = 1CE730CA1EA51855008083B4 /* Counting MarblesTests.xctest */;
			productType = "com.apple.product-type.bundle.unit-test";
		};
		1CE730D41EA51855008083B4 /* Counting MarblesUITests */ = {
			isa = PBXNativeTarget;
			buildConfigurationList = 1CE730E41EA51855008083B4 /* Build configuration list for PBXNativeTarget "Counting MarblesUITests" */;
			buildPhases = (
				1CE730D11EA51855008083B4 /* Sources */,
				1CE730D21EA51855008083B4 /* Frameworks */,
				1CE730D31EA51855008083B4 /* Resources */,
			);
			buildRules = (
			);
			dependencies = (
				1CE730D71EA51855008083B4 /* PBXTargetDependency */,
			);
			name = "Counting MarblesUITests";
			productName = "Obsolecense Management PlanUITests";
			productReference = 1CE730D51EA51855008083B4 /* Counting MarblesUITests.xctest */;
			productType = "com.apple.product-type.bundle.ui-testing";
		};
/* End PBXNativeTarget section */

/* Begin PBXProject section */
		1CE730AB1EA51855008083B4 /* Project object */ = {
			isa = PBXProject;
			attributes = {
				LastSwiftUpdateCheck = 0820;
				LastUpgradeCheck = 0820;
				ORGANIZATIONNAME = "Andrew Fenner";
				TargetAttributes = {
					1CE730B21EA51855008083B4 = {
						CreatedOnToolsVersion = 8.2.1;
						DevelopmentTeam = U44FL526BD;
						ProvisioningStyle = Automatic;
					};
					1CE730C91EA51855008083B4 = {
						CreatedOnToolsVersion = 8.2.1;
						ProvisioningStyle = Automatic;
						TestTargetID = 1CE730B21EA51855008083B4;
					};
					1CE730D41EA51855008083B4 = {
						CreatedOnToolsVersion = 8.2.1;
						ProvisioningStyle = Automatic;
						TestTargetID = 1CE730B21EA51855008083B4;
					};
				};
			};
			buildConfigurationList = 1CE730AE1EA51855008083B4 /* Build configuration list for PBXProject "Counting Marbles" */;
			compatibilityVersion = "Xcode 3.2";
			developmentRegion = English;
			hasScannedForEncodings = 0;
			knownRegions = (
				en,
				Base,
			);
			mainGroup = 1CE730AA1EA51855008083B4;
			productRefGroup = 1CE730B41EA51855008083B4 /* Products */;
			projectDirPath = "";
			projectRoot = "";
			targets = (
				1CE730B21EA51855008083B4 /* Counting Marbles */,
				1CE730C91EA51855008083B4 /* Counting MarblesTests */,
				1CE730D41EA51855008083B4 /* Counting MarblesUITests */,
			);
		};
/* End PBXProject section */

/* Begin PBXResourcesBuildPhase section */
		1CE730B11EA51855008083B4 /* Resources */ = {
			isa = PBXResourcesBuildPhase;
			buildActionMask = 2147483647;
			files = (
				1C8771491EFE834700DE0F89 /* PurpleBall.png in Resources */,
				1C71B9FF1F00976900577C9F /* PurpleThumbPrint.png in Resources */,
				1CE730C41EA51855008083B4 /* LaunchScreen.storyboard in Resources */,
				1C87714B1EFE834F00DE0F89 /* RedBall.png in Resources */,
				1C07DCC61F07346100E2EBA2 /* ColorBeadIcon.png in Resources */,
				1CE730C11EA51855008083B4 /* Assets.xcassets in Resources */,
				1C71B9FE1F00976900577C9F /* OrangeThumbPrint.png in Resources */,
				1CACE2ED1EA6E9F600CD7F23 /* BlueBall.png in Resources */,
				1CE730BC1EA51855008083B4 /* Main.storyboard in Resources */,
				1C8771471EFE834000DE0F89 /* PinkBall.png in Resources */,
				1CACE2EF1EA6E9F600CD7F23 /* OrangeBall.png in Resources */,
				1CACE2EE1EA6E9F600CD7F23 /* BlueRing.png in Resources */,
				1C71BA011F00976900577C9F /* GreenThumbPrint.png in Resources */,
				1C71BA021F00976900577C9F /* RedThumbPrint.png in Resources */,
				1C07DCCC1F07F7E400E2EBA2 /* HelpButton.png in Resources */,
				1C8771451EFE833800DE0F89 /* GreenBall.png in Resources */,
				1C71BA001F00976900577C9F /* BlueThumbPrint.png in Resources */,
				1C71B9FD1F00976900577C9F /* PinkThumbPrint.png in Resources */,
				1C07DCC41F07344800E2EBA2 /* BallFlower.png in Resources */,
				1C07DCCE1F07F9AD00E2EBA2 /* HelpScene.png in Resources */,
			);
			runOnlyForDeploymentPostprocessing = 0;
		};
		1CE730C81EA51855008083B4 /* Resources */ = {
			isa = PBXResourcesBuildPhase;
			buildActionMask = 2147483647;
			files = (
			);
			runOnlyForDeploymentPostprocessing = 0;
		};
		1CE730D31EA51855008083B4 /* Resources */ = {
			isa = PBXResourcesBuildPhase;
			buildActionMask = 2147483647;
			files = (
			);
			runOnlyForDeploymentPostprocessing = 0;
		};
/* End PBXResourcesBuildPhase section */

/* Begin PBXSourcesBuildPhase section */
		1CE730AF1EA51855008083B4 /* Sources */ = {
			isa = PBXSourcesBuildPhase;
			buildActionMask = 2147483647;
			files = (
				1CACE2E71EA6E76E00CD7F23 /* NumberShape.swift in Sources */,
				1C07DCCA1F07F67C00E2EBA2 /* Convenience.swift in Sources */,
				1CACE2F21EA7BE0F00CD7F23 /* Methods.swift in Sources */,
				1C71BA041F00980700577C9F /* ColorPicker.swift in Sources */,
				1CFC89291F03E9E90095BAEF /* Styles.swift in Sources */,
				1CE730BF1EA51855008083B4 /* Obsolecense_Management_Plan.xcdatamodeld in Sources */,
				1CACE2E91EA6E86600CD7F23 /* Model.swift in Sources */,
				1CE730B91EA51855008083B4 /* ViewController.swift in Sources */,
				1C07DCC81F07EF1000E2EBA2 /* HelpView.swift in Sources */,
				1CE730B71EA51855008083B4 /* AppDelegate.swift in Sources */,
			);
			runOnlyForDeploymentPostprocessing = 0;
		};
		1CE730C61EA51855008083B4 /* Sources */ = {
			isa = PBXSourcesBuildPhase;
			buildActionMask = 2147483647;
			files = (
				1CE730CF1EA51855008083B4 /* Obsolecense_Management_PlanTests.swift in Sources */,
			);
			runOnlyForDeploymentPostprocessing = 0;
		};
		1CE730D11EA51855008083B4 /* Sources */ = {
			isa = PBXSourcesBuildPhase;
			buildActionMask = 2147483647;
			files = (
				1CE730DA1EA51855008083B4 /* Obsolecense_Management_PlanUITests.swift in Sources */,
			);
			runOnlyForDeploymentPostprocessing = 0;
		};
/* End PBXSourcesBuildPhase section */

/* Begin PBXTargetDependency section */
		1CE730CC1EA51855008083B4 /* PBXTargetDependency */ = {
			isa = PBXTargetDependency;
			target = 1CE730B21EA51855008083B4 /* Counting Marbles */;
			targetProxy = 1CE730CB1EA51855008083B4 /* PBXContainerItemProxy */;
		};
		1CE730D71EA51855008083B4 /* PBXTargetDependency */ = {
			isa = PBXTargetDependency;
			target = 1CE730B21EA51855008083B4 /* Counting Marbles */;
			targetProxy = 1CE730D61EA51855008083B4 /* PBXContainerItemProxy */;
		};
/* End PBXTargetDependency section */

/* Begin PBXVariantGroup section */
		1CE730BA1EA51855008083B4 /* Main.storyboard */ = {
			isa = PBXVariantGroup;
			children = (
				1CE730BB1EA51855008083B4 /* Base */,
			);
			name = Main.storyboard;
			sourceTree = "<group>";
		};
		1CE730C21EA51855008083B4 /* LaunchScreen.storyboard */ = {
			isa = PBXVariantGroup;
			children = (
				1CE730C31EA51855008083B4 /* Base */,
			);
			name = LaunchScreen.storyboard;
			sourceTree = "<group>";
		};
/* End PBXVariantGroup section */

/* Begin XCBuildConfiguration section */
		1CE730DC1EA51855008083B4 /* Debug */ = {
			isa = XCBuildConfiguration;
			buildSettings = {
				ALWAYS_SEARCH_USER_PATHS = NO;
				CLANG_ANALYZER_NONNULL = YES;
				CLANG_CXX_LANGUAGE_STANDARD = "gnu++0x";
				CLANG_CXX_LIBRARY = "libc++";
				CLANG_ENABLE_MODULES = YES;
				CLANG_ENABLE_OBJC_ARC = YES;
				CLANG_WARN_BOOL_CONVERSION = YES;
				CLANG_WARN_CONSTANT_CONVERSION = YES;
				CLANG_WARN_DIRECT_OBJC_ISA_USAGE = YES_ERROR;
				CLANG_WARN_DOCUMENTATION_COMMENTS = YES;
				CLANG_WARN_EMPTY_BODY = YES;
				CLANG_WARN_ENUM_CONVERSION = YES;
				CLANG_WARN_INFINITE_RECURSION = YES;
				CLANG_WARN_INT_CONVERSION = YES;
				CLANG_WARN_OBJC_ROOT_CLASS = YES_ERROR;
				CLANG_WARN_SUSPICIOUS_MOVE = YES;
				CLANG_WARN_UNREACHABLE_CODE = YES;
				CLANG_WARN__DUPLICATE_METHOD_MATCH = YES;
				"CODE_SIGN_IDENTITY[sdk=iphoneos*]" = "iPhone Developer";
				COPY_PHASE_STRIP = NO;
				DEBUG_INFORMATION_FORMAT = dwarf;
				ENABLE_STRICT_OBJC_MSGSEND = YES;
				ENABLE_TESTABILITY = YES;
				GCC_C_LANGUAGE_STANDARD = gnu99;
				GCC_DYNAMIC_NO_PIC = NO;
				GCC_NO_COMMON_BLOCKS = YES;
				GCC_OPTIMIZATION_LEVEL = 0;
				GCC_PREPROCESSOR_DEFINITIONS = (
					"DEBUG=1",
					"$(inherited)",
				);
				GCC_WARN_64_TO_32_BIT_CONVERSION = YES;
				GCC_WARN_ABOUT_RETURN_TYPE = YES_ERROR;
				GCC_WARN_UNDECLARED_SELECTOR = YES;
				GCC_WARN_UNINITIALIZED_AUTOS = YES_AGGRESSIVE;
				GCC_WARN_UNUSED_FUNCTION = YES;
				GCC_WARN_UNUSED_VARIABLE = YES;
				IPHONEOS_DEPLOYMENT_TARGET = 10.0;
				MTL_ENABLE_DEBUG_INFO = YES;
				ONLY_ACTIVE_ARCH = YES;
				SDKROOT = iphoneos;
				SWIFT_ACTIVE_COMPILATION_CONDITIONS = DEBUG;
				SWIFT_OPTIMIZATION_LEVEL = "-Onone";
				TARGETED_DEVICE_FAMILY = "1,2";
			};
			name = Debug;
		};
		1CE730DD1EA51855008083B4 /* Release */ = {
			isa = XCBuildConfiguration;
			buildSettings = {
				ALWAYS_SEARCH_USER_PATHS = NO;
				CLANG_ANALYZER_NONNULL = YES;
				CLANG_CXX_LANGUAGE_STANDARD = "gnu++0x";
				CLANG_CXX_LIBRARY = "libc++";
				CLANG_ENABLE_MODULES = YES;
				CLANG_ENABLE_OBJC_ARC = YES;
				CLANG_WARN_BOOL_CONVERSION = YES;
				CLANG_WARN_CONSTANT_CONVERSION = YES;
				CLANG_WARN_DIRECT_OBJC_ISA_USAGE = YES_ERROR;
				CLANG_WARN_DOCUMENTATION_COMMENTS = YES;
				CLANG_WARN_EMPTY_BODY = YES;
				CLANG_WARN_ENUM_CONVERSION = YES;
				CLANG_WARN_INFINITE_RECURSION = YES;
				CLANG_WARN_INT_CONVERSION = YES;
				CLANG_WARN_OBJC_ROOT_CLASS = YES_ERROR;
				CLANG_WARN_SUSPICIOUS_MOVE = YES;
				CLANG_WARN_UNREACHABLE_CODE = YES;
				CLANG_WARN__DUPLICATE_METHOD_MATCH = YES;
				"CODE_SIGN_IDENTITY[sdk=iphoneos*]" = "iPhone Developer";
				COPY_PHASE_STRIP = NO;
				DEBUG_INFORMATION_FORMAT = "dwarf-with-dsym";
				ENABLE_NS_ASSERTIONS = NO;
				ENABLE_STRICT_OBJC_MSGSEND = YES;
				GCC_C_LANGUAGE_STANDARD = gnu99;
				GCC_NO_COMMON_BLOCKS = YES;
				GCC_WARN_64_TO_32_BIT_CONVERSION = YES;
				GCC_WARN_ABOUT_RETURN_TYPE = YES_ERROR;
				GCC_WARN_UNDECLARED_SELECTOR = YES;
				GCC_WARN_UNINITIALIZED_AUTOS = YES_AGGRESSIVE;
				GCC_WARN_UNUSED_FUNCTION = YES;
				GCC_WARN_UNUSED_VARIABLE = YES;
				IPHONEOS_DEPLOYMENT_TARGET = 10.0;
				MTL_ENABLE_DEBUG_INFO = NO;
				SDKROOT = iphoneos;
				SWIFT_OPTIMIZATION_LEVEL = "-Owholemodule";
				TARGETED_DEVICE_FAMILY = "1,2";
				VALIDATE_PRODUCT = YES;
			};
			name = Release;
		};
		1CE730DF1EA51855008083B4 /* Debug */ = {
			isa = XCBuildConfiguration;
			buildSettings = {
				ASSETCATALOG_COMPILER_APPICON_NAME = AppIcon;
				ASSETCATALOG_COMPILER_LAUNCHIMAGE_NAME = LaunchImage;
				DEVELOPMENT_TEAM = U44FL526BD;
				INFOPLIST_FILE = "Obsolecense Management Plan/Info.plist";
				IPHONEOS_DEPLOYMENT_TARGET = 10.0;
				LD_RUNPATH_SEARCH_PATHS = "$(inherited) @executable_path/Frameworks";
				PRODUCT_BUNDLE_IDENTIFIER = com.numbershapes.firstnumbers;
				PRODUCT_NAME = "$(TARGET_NAME)";
				SWIFT_VERSION = 3.0;
				TARGETED_DEVICE_FAMILY = "1,2";
			};
			name = Debug;
		};
		1CE730E01EA51855008083B4 /* Release */ = {
			isa = XCBuildConfiguration;
			buildSettings = {
				ASSETCATALOG_COMPILER_APPICON_NAME = AppIcon;
				ASSETCATALOG_COMPILER_LAUNCHIMAGE_NAME = LaunchImage;
				DEVELOPMENT_TEAM = U44FL526BD;
				INFOPLIST_FILE = "Obsolecense Management Plan/Info.plist";
				IPHONEOS_DEPLOYMENT_TARGET = 10.0;
				LD_RUNPATH_SEARCH_PATHS = "$(inherited) @executable_path/Frameworks";
				PRODUCT_BUNDLE_IDENTIFIER = com.numbershapes.firstnumbers;
				PRODUCT_NAME = "$(TARGET_NAME)";
				SWIFT_VERSION = 3.0;
				TARGETED_DEVICE_FAMILY = "1,2";
			};
			name = Release;
		};
		1CE730E21EA51855008083B4 /* Debug */ = {
			isa = XCBuildConfiguration;
			buildSettings = {
				ALWAYS_EMBED_SWIFT_STANDARD_LIBRARIES = YES;
				BUNDLE_LOADER = "$(TEST_HOST)";
				INFOPLIST_FILE = "Obsolecense Management PlanTests/Info.plist";
				LD_RUNPATH_SEARCH_PATHS = "$(inherited) @executable_path/Frameworks @loader_path/Frameworks";
				PRODUCT_BUNDLE_IDENTIFIER = "NumberShapes.Obsolecense-Management-PlanTests";
				PRODUCT_NAME = "$(TARGET_NAME)";
				SWIFT_VERSION = 3.0;
				TEST_HOST = "$(BUILT_PRODUCTS_DIR)/Counting Marbles.app/Counting Marbles";
			};
			name = Debug;
		};
		1CE730E31EA51855008083B4 /* Release */ = {
			isa = XCBuildConfiguration;
			buildSettings = {
				ALWAYS_EMBED_SWIFT_STANDARD_LIBRARIES = YES;
				BUNDLE_LOADER = "$(TEST_HOST)";
				INFOPLIST_FILE = "Obsolecense Management PlanTests/Info.plist";
				LD_RUNPATH_SEARCH_PATHS = "$(inherited) @executable_path/Frameworks @loader_path/Frameworks";
				PRODUCT_BUNDLE_IDENTIFIER = "NumberShapes.Obsolecense-Management-PlanTests";
				PRODUCT_NAME = "$(TARGET_NAME)";
				SWIFT_VERSION = 3.0;
				TEST_HOST = "$(BUILT_PRODUCTS_DIR)/Counting Marbles.app/Counting Marbles";
			};
			name = Release;
		};
		1CE730E51EA51855008083B4 /* Debug */ = {
			isa = XCBuildConfiguration;
			buildSettings = {
				ALWAYS_EMBED_SWIFT_STANDARD_LIBRARIES = YES;
				INFOPLIST_FILE = "Obsolecense Management PlanUITests/Info.plist";
				LD_RUNPATH_SEARCH_PATHS = "$(inherited) @executable_path/Frameworks @loader_path/Frameworks";
				PRODUCT_BUNDLE_IDENTIFIER = "NumberShapes.Obsolecense-Management-PlanUITests";
				PRODUCT_NAME = "$(TARGET_NAME)";
				SWIFT_VERSION = 3.0;
				TEST_TARGET_NAME = "Obsolecense Management Plan";
			};
			name = Debug;
		};
		1CE730E61EA51855008083B4 /* Release */ = {
			isa = XCBuildConfiguration;
			buildSettings = {
				ALWAYS_EMBED_SWIFT_STANDARD_LIBRARIES = YES;
				INFOPLIST_FILE = "Obsolecense Management PlanUITests/Info.plist";
				LD_RUNPATH_SEARCH_PATHS = "$(inherited) @executable_path/Frameworks @loader_path/Frameworks";
				PRODUCT_BUNDLE_IDENTIFIER = "NumberShapes.Obsolecense-Management-PlanUITests";
				PRODUCT_NAME = "$(TARGET_NAME)";
				SWIFT_VERSION = 3.0;
				TEST_TARGET_NAME = "Obsolecense Management Plan";
			};
			name = Release;
		};
/* End XCBuildConfiguration section */

/* Begin XCConfigurationList section */
		1CE730AE1EA51855008083B4 /* Build configuration list for PBXProject "Counting Marbles" */ = {
			isa = XCConfigurationList;
			buildConfigurations = (
				1CE730DC1EA51855008083B4 /* Debug */,
				1CE730DD1EA51855008083B4 /* Release */,
			);
			defaultConfigurationIsVisible = 0;
			defaultConfigurationName = Release;
		};
		1CE730DE1EA51855008083B4 /* Build configuration list for PBXNativeTarget "Counting Marbles" */ = {
			isa = XCConfigurationList;
			buildConfigurations = (
				1CE730DF1EA51855008083B4 /* Debug */,
				1CE730E01EA51855008083B4 /* Release */,
			);
			defaultConfigurationIsVisible = 0;
			defaultConfigurationName = Release;
		};
		1CE730E11EA51855008083B4 /* Build configuration list for PBXNativeTarget "Counting MarblesTests" */ = {
			isa = XCConfigurationList;
			buildConfigurations = (
				1CE730E21EA51855008083B4 /* Debug */,
				1CE730E31EA51855008083B4 /* Release */,
			);
			defaultConfigurationIsVisible = 0;
			defaultConfigurationName = Release;
		};
		1CE730E41EA51855008083B4 /* Build configuration list for PBXNativeTarget "Counting MarblesUITests" */ = {
			isa = XCConfigurationList;
			buildConfigurations = (
				1CE730E51EA51855008083B4 /* Debug */,
				1CE730E61EA51855008083B4 /* Release */,
			);
			defaultConfigurationIsVisible = 0;
			defaultConfigurationName = Release;
		};
/* End XCConfigurationList section */

/* Begin XCVersionGroup section */
		1CE730BD1EA51855008083B4 /* Obsolecense_Management_Plan.xcdatamodeld */ = {
			isa = XCVersionGroup;
			children = (
				1CE730BE1EA51855008083B4 /* Obsolecense_Management_Plan.xcdatamodel */,
			);
			currentVersion = 1CE730BE1EA51855008083B4 /* Obsolecense_Management_Plan.xcdatamodel */;
			path = Obsolecense_Management_Plan.xcdatamodeld;
			sourceTree = "<group>";
			versionGroupType = wrapper.xcdatamodel;
		};
/* End XCVersionGroup section */
	};
	rootObject = 1CE730AB1EA51855008083B4 /* Project object */;
}
